Microsoft Visual Studio Solution File, Format Version 11.00
# Visual Studio 2010
Project("{FAE04EC0-301F-11D3-BF4B-00C04F79EFBC}") = "TileControlSample", "TileControlSample.csproj", "{EFC97CB9-E8B2-4BCF-A106-0F1D50720BC4}"
EndProject
Global
	GlobalSection(SolutionConfigurationPlatforms) = preSolution
		Debug|Any CPU = Debug|Any CPU
		Release|Any CPU = Release|Any CPU
	EndGlobalSection
	GlobalSection(ProjectConfigurationPlatforms) = postSolution
		{EFC97CB9-E8B2-4BCF-A106-0F1D50720BC4}.Debug|Any CPU.ActiveCfg = Debug|Any CPU
		{EFC97CB9-E8B2-4BCF-A106-0F1D50720BC4}.Debug|Any CPU.Build.0 = Debug|Any CPU
		{EFC97CB9-E8B2-4BCF-A106-0F1D50720BC4}.Release|Any CPU.ActiveCfg = Release|Any CPU
		{EFC97CB9-E8B2-4BCF-A106-0F1D50720BC4}.Release|Any CPU.Build.0 = Release|Any CPU
	EndGlobalSection
	GlobalSection(SolutionProperties) = preSolution
		HideSolutionNode = FALSE
	EndGlobalSection
EndGlobal
